// !$*UTF8*$!
{
	archiveVersion = 1;
	classes = {
	};
	objectVersion = 77;
	objects = {

/* Begin PBXContainerItemProxy section */
		D2AA12452DB8302A0049A60C /* PBXContainerItemProxy */ = {
			isa = PBXContainerItemProxy;
			containerPortal = D2AA12262DB830280049A60C /* Project object */;
			proxyType = 1;
			remoteGlobalIDString = D2AA122D2DB830280049A60C;
			remoteInfo = aestheticTimer;
		};
		D2AA124F2DB8302A0049A60C /* PBXContainerItemProxy */ = {
			isa = PBXContainerItemProxy;
			containerPortal = D2AA12262DB830280049A60C /* Project object */;
			proxyType = 1;
			remoteGlobalIDString = D2AA122D2DB830280049A60C;
			remoteInfo = aestheticTimer;
		};
/* End PBXContainerItemProxy section */

/* Begin PBXFileReference section */
		D2AA122E2DB830280049A60C /* aestheticTimer.app */ = {isa = PBXFileReference; explicitFileType = wrapper.application; includeInIndex = 0; path = aestheticTimer.app; sourceTree = BUILT_PRODUCTS_DIR; };
		D2AA12442DB8302A0049A60C /* aestheticTimerTests.xctest */ = {isa = PBXFileReference; explicitFileType = wrapper.cfbundle; includeInIndex = 0; path = aestheticTimerTests.xctest; sourceTree = BUILT_PRODUCTS_DIR; };
		D2AA124E2DB8302A0049A60C /* aestheticTimerUITests.xctest */ = {isa = PBXFileReference; explicitFileType = wrapper.cfbundle; includeInIndex = 0; path = aestheticTimerUITests.xctest; sourceTree = BUILT_PRODUCTS_DIR; };
/* End PBXFileReference section */

/* Begin PBXFileSystemSynchronizedBuildFileExceptionSet section */
		D2AA12562DB8302A0049A60C /* Exceptions for "aestheticTimer" folder in "aestheticTimer" target */ = {
			isa = PBXFileSystemSynchronizedBuildFileExceptionSet;
			membershipExceptions = (
				Info.plist,
			);
			target = D2AA122D2DB830280049A60C /* aestheticTimer */;
		};
/* End PBXFileSystemSynchronizedBuildFileExceptionSet section */

/* Begin PBXFileSystemSynchronizedRootGroup section */
		D2AA12302DB830280049A60C /* aestheticTimer */ = {
			isa = PBXFileSystemSynchronizedRootGroup;
			exceptions = (
				D2AA12562DB8302A0049A60C /* Exceptions for "aestheticTimer" folder in "aestheticTimer" target */,
			);
			path = aestheticTimer;
			sourceTree = "<group>";
		};
		D2AA12472DB8302A0049A60C /* aestheticTimerTests */ = {
			isa = PBXFileSystemSynchronizedRootGroup;
			path = aestheticTimerTests;
			sourceTree = "<group>";
		};
		D2AA12512DB8302A0049A60C /* aestheticTimerUITests */ = {
			isa = PBXFileSystemSynchronizedRootGroup;
			path = aestheticTimerUITests;
			sourceTree = "<group>";
		};
/* End PBXFileSystemSynchronizedRootGroup section */

/* Begin PBXFrameworksBuildPhase section */
		D2AA122B2DB830280049A60C /* Frameworks */ = {
			isa = PBXFrameworksBuildPhase;
			buildActionMask = 2147483647;
			files = (
			);
			runOnlyForDeploymentPostprocessing = 0;
		};
		D2AA12412DB8302A0049A60C /* Frameworks */ = {
			isa = PBXFrameworksBuildPhase;
			buildActionMask = 2147483647;
			files = (
			);
			runOnlyForDeploymentPostprocessing = 0;
		};
		D2AA124B2DB8302A0049A60C /* Frameworks */ = {
			isa = PBXFrameworksBuildPhase;
			buildActionMask = 2147483647;
			files = (
			);
			runOnlyForDeploymentPostprocessing = 0;
		};
/* End PBXFrameworksBuildPhase section */

/* Begin PBXGroup section */
		D2AA12252DB830280049A60C = {
			isa = PBXGroup;
			children = (
				D2AA12302DB830280049A60C /* aestheticTimer */,
				D2AA12472DB8302A0049A60C /* aestheticTimerTests */,
				D2AA12512DB8302A0049A60C /* aestheticTimerUITests */,
				D2AA122F2DB830280049A60C /* Products */,
			);
			sourceTree = "<group>";
		};
		D2AA122F2DB830280049A60C /* Products */ = {
			isa = PBXGroup;
			children = (
				D2AA122E2DB830280049A60C /* aestheticTimer.app */,
				D2AA12442DB8302A0049A60C /* aestheticTimerTests.xctest */,
				D2AA124E2DB8302A0049A60C /* aestheticTimerUITests.xctest */,
			);
			name = Products;
			sourceTree = "<group>";
		};
/* End PBXGroup section */

/* Begin PBXNativeTarget section */
		D2AA122D2DB830280049A60C /* aestheticTimer */ = {
			isa = PBXNativeTarget;
			buildConfigurationList = D2AA12572DB8302A0049A60C /* Build configuration list for PBXNativeTarget "aestheticTimer" */;
			buildPhases = (
				D2AA122A2DB830280049A60C /* Sources */,
				D2AA122B2DB830280049A60C /* Frameworks */,
				D2AA122C2DB830280049A60C /* Resources */,
			);
			buildRules = (
			);
			dependencies = (
			);
			fileSystemSynchronizedGroups = (
				D2AA12302DB830280049A60C /* aestheticTimer */,
			);
			name = aestheticTimer;
			packageProductDependencies = (
			);
			productName = aestheticTimer;
			productReference = D2AA122E2DB830280049A60C /* aestheticTimer.app */;
			productType = "com.apple.product-type.application";
		};
		D2AA12432DB8302A0049A60C /* aestheticTimerTests */ = {
			isa = PBXNativeTarget;
			buildConfigurationList = D2AA125C2DB8302A0049A60C /* Build configuration list for PBXNativeTarget "aestheticTimerTests" */;
			buildPhases = (
				D2AA12402DB8302A0049A60C /* Sources */,
				D2AA12412DB8302A0049A60C /* Frameworks */,
				D2AA12422DB8302A0049A60C /* Resources */,
			);
			buildRules = (
			);
			dependencies = (
				D2AA12462DB8302A0049A60C /* PBXTargetDependency */,
			);
			fileSystemSynchronizedGroups = (
				D2AA12472DB8302A0049A60C /* aestheticTimerTests */,
			);
			name = aestheticTimerTests;
			packageProductDependencies = (
			);
			productName = aestheticTimerTests;
			productReference = D2AA12442DB8302A0049A60C /* aestheticTimerTests.xctest */;
			productType = "com.apple.product-type.bundle.unit-test";
		};
		D2AA124D2DB8302A0049A60C /* aestheticTimerUITests */ = {
			isa = PBXNativeTarget;
			buildConfigurationList = D2AA125F2DB8302A0049A60C /* Build configuration list for PBXNativeTarget "aestheticTimerUITests" */;
			buildPhases = (
				D2AA124A2DB8302A0049A60C /* Sources */,
				D2AA124B2DB8302A0049A60C /* Frameworks */,
				D2AA124C2DB8302A0049A60C /* Resources */,
			);
			buildRules = (
			);
			dependencies = (
				D2AA12502DB8302A0049A60C /* PBXTargetDependency */,
			);
			fileSystemSynchronizedGroups = (
				D2AA12512DB8302A0049A60C /* aestheticTimerUITests */,
			);
			name = aestheticTimerUITests;
			packageProductDependencies = (
			);
			productName = aestheticTimerUITests;
			productReference = D2AA124E2DB8302A0049A60C /* aestheticTimerUITests.xctest */;
			productType = "com.apple.product-type.bundle.ui-testing";
		};
/* End PBXNativeTarget section */

/* Begin PBXProject section */
		D2AA12262DB830280049A60C /* Project object */ = {
			isa = PBXProject;
			attributes = {
				BuildIndependentTargetsInParallel = 1;
				LastSwiftUpdateCheck = 1620;
				LastUpgradeCheck = 1620;
				TargetAttributes = {
					D2AA122D2DB830280049A60C = {
						CreatedOnToolsVersion = 16.2;
					};
					D2AA12432DB8302A0049A60C = {
						CreatedOnToolsVersion = 16.2;
						TestTargetID = D2AA122D2DB830280049A60C;
					};
					D2AA124D2DB8302A0049A60C = {
						CreatedOnToolsVersion = 16.2;
						TestTargetID = D2AA122D2DB830280049A60C;
					};
				};
			};
			buildConfigurationList = D2AA12292DB830280049A60C /* Build configuration list for PBXProject "aestheticTimer" */;
			developmentRegion = en;
			hasScannedForEncodings = 0;
			knownRegions = (
				en,
				Base,
			);
			mainGroup = D2AA12252DB830280049A60C;
			minimizedProjectReferenceProxies = 1;
			preferredProjectObjectVersion = 77;
			productRefGroup = D2AA122F2DB830280049A60C /* Products */;
			projectDirPath = "";
			projectRoot = "";
			targets = (
				D2AA122D2DB830280049A60C /* aestheticTimer */,
				D2AA12432DB8302A0049A60C /* aestheticTimerTests */,
				D2AA124D2DB8302A0049A60C /* aestheticTimerUITests */,
			);
		};
/* End PBXProject section */

/* Begin PBXResourcesBuildPhase section */
		D2AA122C2DB830280049A60C /* Resources */ = {
			isa = PBXResourcesBuildPhase;
			buildActionMask = 2147483647;
			files = (
			);
			runOnlyForDeploymentPostprocessing = 0;
		};
		D2AA12422DB8302A0049A60C /* Resources */ = {
			isa = PBXResourcesBuildPhase;
			buildActionMask = 2147483647;
			files = (
			);
			runOnlyForDeploymentPostprocessing = 0;
		};
		D2AA124C2DB8302A0049A60C /* Resources */ = {
			isa = PBXResourcesBuildPhase;
			buildActionMask = 2147483647;
			files = (
			);
			runOnlyForDeploymentPostprocessing = 0;
		};
/* End PBXResourcesBuildPhase section */

/* Begin PBXSourcesBuildPhase section */
		D2AA122A2DB830280049A60C /* Sources */ = {
			isa = PBXSourcesBuildPhase;
			buildActionMask = 2147483647;
			files = (
			);
			runOnlyForDeploymentPostprocessing = 0;
		};
		D2AA12402DB8302A0049A60C /* Sources */ = {
			isa = PBXSourcesBuildPhase;
			buildActionMask = 2147483647;
			files = (
			);
			runOnlyForDeploymentPostprocessing = 0;
		};
		D2AA124A2DB8302A0049A60C /* Sources */ = {
			isa = PBXSourcesBuildPhase;
			buildActionMask = 2147483647;
			files = (
			);
			runOnlyForDeploymentPostprocessing = 0;
		};
/* End PBXSourcesBuildPhase section */

/* Begin PBXTargetDependency section */
		D2AA12462DB8302A0049A60C /* PBXTargetDependency */ = {
			isa = PBXTargetDependency;
			target = D2AA122D2DB830280049A60C /* aestheticTimer */;
			targetProxy = D2AA12452DB8302A0049A60C /* PBXContainerItemProxy */;
		};
		D2AA12502DB8302A0049A60C /* PBXTargetDependency */ = {
			isa = PBXTargetDependency;
			target = D2AA122D2DB830280049A60C /* aestheticTimer */;
			targetProxy = D2AA124F2DB8302A0049A60C /* PBXContainerItemProxy */;
		};
/* End PBXTargetDependency section */

/* Begin XCBuildConfiguration section */
		D2AA12582DB8302A0049A60C /* Debug */ = {
			isa = XCBuildConfiguration;
			buildSettings = {
				ASSETCATALOG_COMPILER_APPICON_NAME = AppIcon;
				ASSETCATALOG_COMPILER_GLOBAL_ACCENT_COLOR_NAME = AccentColor;
				CODE_SIGN_STYLE = Automatic;
				CURRENT_PROJECT_VERSION = 1;
				DEVELOPMENT_TEAM = J4UC96YYKT;
				GENERATE_INFOPLIST_FILE = YES;
				INFOPLIST_FILE = aestheticTimer/Info.plist;
				INFOPLIST_KEY_UIApplicationSupportsIndirectInputEvents = YES;
				INFOPLIST_KEY_UILaunchStoryboardName = LaunchScreen;
				INFOPLIST_KEY_UIMainStoryboardFile = Main;
				INFOPLIST_KEY_UISupportedInterfaceOrientations_iPad = "UIInterfaceOrientationPortrait UIInterfaceOrientationPortraitUpsideDown UIInterfaceOrientationLandscapeLeft UIInterfaceOrientationLandscapeRight";
				INFOPLIST_KEY_UISupportedInterfaceOrientations_iPhone = "UIInterfaceOrientationPortrait UIInterfaceOrientationLandscapeLeft UIInterfaceOrientationLandscapeRight";
				LD_RUNPATH_SEARCH_PATHS = (
					"$(inherited)",
					"@executable_path/Frameworks",
				);
				MARKETING_VERSION = 1.0;
				PRODUCT_BUNDLE_IDENTIFIER = lj.aestheticTimer;
				PRODUCT_NAME = "$(TARGET_NAME)";
				SWIFT_EMIT_LOC_STRINGS = YES;
				SWIFT_VERSION = 5.0;
				TARGETED_DEVICE_FAMILY = "1,2";
			};
			name = Debug;
		};
		D2AA12592DB8302A0049A60C /* Release */ = {
			isa = XCBuildConfiguration;
			buildSettings = {
				ASSETCATALOG_COMPILER_APPICON_NAME = AppIcon;
				ASSETCATALOG_COMPILER_GLOBAL_ACCENT_COLOR_NAME = AccentColor;
				CODE_SIGN_STYLE = Automatic;
				CURRENT_PROJECT_VERSION = 1;
				DEVELOPMENT_TEAM = J4UC96YYKT;
				GENERATE_INFOPLIST_FILE = YES;
				INFOPLIST_FILE = aestheticTimer/Info.plist;
				INFOPLIST_KEY_UIApplicationSupportsIndirectInputEvents = YES;
				INFOPLIST_KEY_UILaunchStoryboardName = LaunchScreen;
				INFOPLIST_KEY_UIMainStoryboardFile = Main;
				INFOPLIST_KEY_UISupportedInterfaceOrientations_iPad = "UIInterfaceOrientationPortrait UIInterfaceOrientationPortraitUpsideDown UIInterfaceOrientationLandscapeLeft UIInterfaceOrientationLandscapeRight";
				INFOPLIST_KEY_UISupportedInterfaceOrientations_iPhone = "UIInterfaceOrientationPortrait UIInterfaceOrientationLandscapeLeft UIInterfaceOrientationLandscapeRight";
				LD_RUNPATH_SEARCH_PATHS = (
					"$(inherited)",
					"@executable_path/Frameworks",
				);
				MARKETING_VERSION = 1.0;
				PRODUCT_BUNDLE_IDENTIFIER = lj.aestheticTimer;
				PRODUCT_NAME = "$(TARGET_NAME)";
				SWIFT_EMIT_LOC_STRINGS = YES;
				SWIFT_VERSION = 5.0;
				TARGETED_DEVICE_FAMILY = "1,2";
			};
			name = Release;
		};
		D2AA125A2DB8302A0049A60C /* Debug */ = {
			isa = XCBuildConfiguration;
			buildSettings = {
				ALWAYS_SEARCH_USER_PATHS = NO;
				ASSETCATALOG_COMPILER_GENERATE_SWIFT_ASSET_SYMBOL_EXTENSIONS = YES;
				CLANG_ANALYZER_NONNULL = YES;
				CLANG_ANALYZER_NUMBER_OBJECT_CONVERSION = YES_AGGRESSIVE;
				CLANG_CXX_LANGUAGE_STANDARD = "gnu++20";
				CLANG_ENABLE_MODULES = YES;
				CLANG_ENABLE_OBJC_ARC = YES;
				CLANG_ENABLE_OBJC_WEAK = YES;
				CLANG_WARN_BLOCK_CAPTURE_AUTORELEASING = YES;
				CLANG_WARN_BOOL_CONVERSION = YES;
				CLANG_WARN_COMMA = YES;
				CLANG_WARN_CONSTANT_CONVERSION = YES;
				CLANG_WARN_DEPRECATED_OBJC_IMPLEMENTATIONS = YES;
				CLANG_WARN_DIRECT_OBJC_ISA_USAGE = YES_ERROR;
				CLANG_WARN_DOCUMENTATION_COMMENTS = YES;
				CLANG_WARN_EMPTY_BODY = YES;
				CLANG_WARN_ENUM_CONVERSION = YES;
				CLANG_WARN_INFINITE_RECURSION = YES;
				CLANG_WARN_INT_CONVERSION = YES;
				CLANG_WARN_NON_LITERAL_NULL_CONVERSION = YES;
				CLANG_WARN_OBJC_IMPLICIT_RETAIN_SELF = YES;
				CLANG_WARN_OBJC_LITERAL_CONVERSION = YES;
				CLANG_WARN_OBJC_ROOT_CLASS = YES_ERROR;
				CLANG_WARN_QUOTED_INCLUDE_IN_FRAMEWORK_HEADER = YES;
				CLANG_WARN_RANGE_LOOP_ANALYSIS = YES;
				CLANG_WARN_STRICT_PROTOTYPES = YES;
				CLANG_WARN_SUSPICIOUS_MOVE = YES;
				CLANG_WARN_UNGUARDED_AVAILABILITY = YES_AGGRESSIVE;
				CLANG_WARN_UNREACHABLE_CODE = YES;
				CLANG_WARN__DUPLICATE_METHOD_MATCH = YES;
				COPY_PHASE_STRIP = NO;
				DEBUG_INFORMATION_FORMAT = dwarf;
				ENABLE_STRICT_OBJC_MSGSEND = YES;
				ENABLE_TESTABILITY = YES;
				ENABLE_USER_SCRIPT_SANDBOXING = YES;
				GCC_C_LANGUAGE_STANDARD = gnu17;
				GCC_DYNAMIC_NO_PIC = NO;
				GCC_NO_COMMON_BLOCKS = YES;
				GCC_OPTIMIZATION_LEVEL = 0;
				GCC_PREPROCESSOR_DEFINITIONS = (
					"DEBUG=1",
					"$(inherited)",
				);
				GCC_WARN_64_TO_32_BIT_CONVERSION = YES;
				GCC_WARN_ABOUT_RETURN_TYPE = YES_ERROR;
				GCC_WARN_UNDECLARED_SELECTOR = YES;
				GCC_WARN_UNINITIALIZED_AUTOS = YES_AGGRESSIVE;
				GCC_WARN_UNUSED_FUNCTION = YES;
				GCC_WARN_UNUSED_VARIABLE = YES;
				IPHONEOS_DEPLOYMENT_TARGET = 18.2;
				LOCALIZATION_PREFERS_STRING_CATALOGS = YES;
				MTL_ENABLE_DEBUG_INFO = INCLUDE_SOURCE;
				MTL_FAST_MATH = YES;
				ONLY_ACTIVE_ARCH = YES;
				SDKROOT = iphoneos;
				SWIFT_ACTIVE_COMPILATION_CONDITIONS = "DEBUG $(inherited)";
				SWIFT_OPTIMIZATION_LEVEL = "-Onone";
			};
			name = Debug;
		};
		D2AA125B2DB8302A0049A60C /* Release */ = {
			isa = XCBuildConfiguration;
			buildSettings = {
				ALWAYS_SEARCH_USER_PATHS = NO;
				ASSETCATALOG_COMPILER_GENERATE_SWIFT_ASSET_SYMBOL_EXTENSIONS = YES;
				CLANG_ANALYZER_NONNULL = YES;
				CLANG_ANALYZER_NUMBER_OBJECT_CONVERSION = YES_AGGRESSIVE;
				CLANG_CXX_LANGUAGE_STANDARD = "gnu++20";
				CLANG_ENABLE_MODULES = YES;
				CLANG_ENABLE_OBJC_ARC = YES;
				CLANG_ENABLE_OBJC_WEAK = YES;
				CLANG_WARN_BLOCK_CAPTURE_AUTORELEASING = YES;
				CLANG_WARN_BOOL_CONVERSION = YES;
				CLANG_WARN_COMMA = YES;
				CLANG_WARN_CONSTANT_CONVERSION = YES;
				CLANG_WARN_DEPRECATED_OBJC_IMPLEMENTATIONS = YES;
				CLANG_WARN_DIRECT_OBJC_ISA_USAGE = YES_ERROR;
				CLANG_WARN_DOCUMENTATION_COMMENTS = YES;
				CLANG_WARN_EMPTY_BODY = YES;
				CLANG_WARN_ENUM_CONVERSION = YES;
				CLANG_WARN_INFINITE_RECURSION = YES;
				CLANG_WARN_INT_CONVERSION = YES;
				CLANG_WARN_NON_LITERAL_NULL_CONVERSION = YES;
				CLANG_WARN_OBJC_IMPLICIT_RETAIN_SELF = YES;
				CLANG_WARN_OBJC_LITERAL_CONVERSION = YES;
				CLANG_WARN_OBJC_ROOT_CLASS = YES_ERROR;
				CLANG_WARN_QUOTED_INCLUDE_IN_FRAMEWORK_HEADER = YES;
				CLANG_WARN_RANGE_LOOP_ANALYSIS = YES;
				CLANG_WARN_STRICT_PROTOTYPES = YES;
				CLANG_WARN_SUSPICIOUS_MOVE = YES;
				CLANG_WARN_UNGUARDED_AVAILABILITY = YES_AGGRESSIVE;
				CLANG_WARN_UNREACHABLE_CODE = YES;
				CLANG_WARN__DUPLICATE_METHOD_MATCH = YES;
				COPY_PHASE_STRIP = NO;
				DEBUG_INFORMATION_FORMAT = "dwarf-with-dsym";
				ENABLE_NS_ASSERTIONS = NO;
				ENABLE_STRICT_OBJC_MSGSEND = YES;
				ENABLE_USER_SCRIPT_SANDBOXING = YES;
				GCC_C_LANGUAGE_STANDARD = gnu17;
				GCC_NO_COMMON_BLOCKS = YES;
				GCC_WARN_64_TO_32_BIT_CONVERSION = YES;
				GCC_WARN_ABOUT_RETURN_TYPE = YES_ERROR;
				GCC_WARN_UNDECLARED_SELECTOR = YES;
				GCC_WARN_UNINITIALIZED_AUTOS = YES_AGGRESSIVE;
				GCC_WARN_UNUSED_FUNCTION = YES;
				GCC_WARN_UNUSED_VARIABLE = YES;
				IPHONEOS_DEPLOYMENT_TARGET = 18.2;
				LOCALIZATION_PREFERS_STRING_CATALOGS = YES;
				MTL_ENABLE_DEBUG_INFO = NO;
				MTL_FAST_MATH = YES;
				SDKROOT = iphoneos;
				SWIFT_COMPILATION_MODE = wholemodule;
				VALIDATE_PRODUCT = YES;
			};
			name = Release;
		};
		D2AA125D2DB8302A0049A60C /* Debug */ = {
			isa = XCBuildConfiguration;
			buildSettings = {
				BUNDLE_LOADER = "$(TEST_HOST)";
				CODE_SIGN_STYLE = Automatic;
				CURRENT_PROJECT_VERSION = 1;
				DEVELOPMENT_TEAM = J4UC96YYKT;
				GENERATE_INFOPLIST_FILE = YES;
				IPHONEOS_DEPLOYMENT_TARGET = 18.2;
				MARKETING_VERSION = 1.0;
				PRODUCT_BUNDLE_IDENTIFIER = lj.aestheticTimerTests;
				PRODUCT_NAME = "$(TARGET_NAME)";
				SWIFT_EMIT_LOC_STRINGS = NO;
				SWIFT_VERSION = 5.0;
				TARGETED_DEVICE_FAMILY = "1,2";
				TEST_HOST = "$(BUILT_PRODUCTS_DIR)/aestheticTimer.app/$(BUNDLE_EXECUTABLE_FOLDER_PATH)/aestheticTimer";
			};
			name = Debug;
		};
		D2AA125E2DB8302A0049A60C /* Release */ = {
			isa = XCBuildConfiguration;
			buildSettings = {
				BUNDLE_LOADER = "$(TEST_HOST)";
				CODE_SIGN_STYLE = Automatic;
				CURRENT_PROJECT_VERSION = 1;
				DEVELOPMENT_TEAM = J4UC96YYKT;
				GENERATE_INFOPLIST_FILE = YES;
				IPHONEOS_DEPLOYMENT_TARGET = 18.2;
				MARKETING_VERSION = 1.0;
				PRODUCT_BUNDLE_IDENTIFIER = lj.aestheticTimerTests;
				PRODUCT_NAME = "$(TARGET_NAME)";
				SWIFT_EMIT_LOC_STRINGS = NO;
				SWIFT_VERSION = 5.0;
				TARGETED_DEVICE_FAMILY = "1,2";
				TEST_HOST = "$(BUILT_PRODUCTS_DIR)/aestheticTimer.app/$(BUNDLE_EXECUTABLE_FOLDER_PATH)/aestheticTimer";
			};
			name = Release;
		};
		D2AA12602DB8302A0049A60C /* Debug */ = {
			isa = XCBuildConfiguration;
			buildSettings = {
				CODE_SIGN_STYLE = Automatic;
				CURRENT_PROJECT_VERSION = 1;
				DEVELOPMENT_TEAM = J4UC96YYKT;
				GENERATE_INFOPLIST_FILE = YES;
				MARKETING_VERSION = 1.0;
				PRODUCT_BUNDLE_IDENTIFIER = lj.aestheticTimerUITests;
				PRODUCT_NAME = "$(TARGET_NAME)";
				SWIFT_EMIT_LOC_STRINGS = NO;
				SWIFT_VERSION = 5.0;
				TARGETED_DEVICE_FAMILY = "1,2";
				TEST_TARGET_NAME = aestheticTimer;
			};
			name = Debug;
		};
		D2AA12612DB8302A0049A60C /* Release */ = {
			isa = XCBuildConfiguration;
			buildSettings = {
				CODE_SIGN_STYLE = Automatic;
				CURRENT_PROJECT_VERSION = 1;
				DEVELOPMENT_TEAM = J4UC96YYKT;
				GENERATE_INFOPLIST_FILE = YES;
				MARKETING_VERSION = 1.0;
				PRODUCT_BUNDLE_IDENTIFIER = lj.aestheticTimerUITests;
				PRODUCT_NAME = "$(TARGET_NAME)";
				SWIFT_EMIT_LOC_STRINGS = NO;
				SWIFT_VERSION = 5.0;
				TARGETED_DEVICE_FAMILY = "1,2";
				TEST_TARGET_NAME = aestheticTimer;
			};
			name = Release;
		};
/* End XCBuildConfiguration section */

/* Begin XCConfigurationList section */
		D2AA12292DB830280049A60C /* Build configuration list for PBXProject "aestheticTimer" */ = {
			isa = XCConfigurationList;
			buildConfigurations = (
				D2AA125A2DB8302A0049A60C /* Debug */,
				D2AA125B2DB8302A0049A60C /* Release */,
			);
			defaultConfigurationIsVisible = 0;
			defaultConfigurationName = Release;
		};
		D2AA12572DB8302A0049A60C /* Build configuration list for PBXNativeTarget "aestheticTimer" */ = {
			isa = XCConfigurationList;
			buildConfigurations = (
				D2AA12582DB8302A0049A60C /* Debug */,
				D2AA12592DB8302A0049A60C /* Release */,
			);
			defaultConfigurationIsVisible = 0;
			defaultConfigurationName = Release;
		};
		D2AA125C2DB8302A0049A60C /* Build configuration list for PBXNativeTarget "aestheticTimerTests" */ = {
			isa = XCConfigurationList;
			buildConfigurations = (
				D2AA125D2DB8302A0049A60C /* Debug */,
				D2AA125E2DB8302A0049A60C /* Release */,
			);
			defaultConfigurationIsVisible = 0;
			defaultConfigurationName = Release;
		};
		D2AA125F2DB8302A0049A60C /* Build configuration list for PBXNativeTarget "aestheticTimerUITests" */ = {
			isa = XCConfigurationList;
			buildConfigurations = (
				D2AA12602DB8302A0049A60C /* Debug */,
				D2AA12612DB8302A0049A60C /* Release */,
			);
			defaultConfigurationIsVisible = 0;
			defaultConfigurationName = Release;
		};
/* End XCConfigurationList section */
	};
	rootObject = D2AA12262DB830280049A60C /* Project object */;
}
